
Microsoft Visual Studio Solution File, Format Version 12.00
# Visual Studio Version 17
VisualStudioVersion = 17.2.32616.157
MinimumVisualStudioVersion = 10.0.40219.1
Project("{9A19103F-16F7-4668-BE54-9A1E7A4F7556}") = "01.BasicStackOperations", "01.BasicStackOperations\01.BasicStackOperations.csproj", "{00321160-99E6-4131-9F31-65B3895CDF0A}"
EndProject
Project("{9A19103F-16F7-4668-BE54-9A1E7A4F7556}") = "02.BasicQueueOperations", "02.BasicQueueOperations\02.BasicQueueOperations.csproj", "{B9C176ED-9586-412C-B553-6644F3464034}"
EndProject
Project("{9A19103F-16F7-4668-BE54-9A1E7A4F7556}") = "03.MaximumAndMinimumElement", "03.MaximumAndMinimumElement\03.MaximumAndMinimumElement.csproj", "{4DF47A86-200A-4D3E-9F5C-3B834B49D121}"
EndProject
Project("{9A19103F-16F7-4668-BE54-9A1E7A4F7556}") = "04.FastFood", "04.FastFood\04.FastFood.csproj", "{419F4B7E-F01F-47C7-A561-F8DEA79491A2}"
EndProject
Project("{FAE04EC0-301F-11D3-BF4B-00C04F79EFBC}") = "05.FashionBoutique", "05.FashionBoutique\05.FashionBoutique.csproj", "{CF6126F2-4DE6-4DA0-A5C4-DE84AF24BE62}"
EndProject
Project("{FAE04EC0-301F-11D3-BF4B-00C04F79EFBC}") = "06.SongsQueue", "06.SongsQueue\06.SongsQueue.csproj", "{9C51E8E0-BF6B-4DB3-B0A1-BDE6F5E5E0BB}"
EndProject
Project("{FAE04EC0-301F-11D3-BF4B-00C04F79EFBC}") = "07.TruckTour", "07.TruckTour\07.TruckTour.csproj", "{9535A811-A0C9-4695-857A-1637798D5504}"
EndProject
Project("{FAE04EC0-301F-11D3-BF4B-00C04F79EFBC}") = "08.BalancedParenthesis", "08.BalancedParenthesis\08.BalancedParenthesis.csproj", "{7A0E6DBD-9876-435A-AE03-D8326167BCFC}"
EndProject
Project("{FAE04EC0-301F-11D3-BF4B-00C04F79EFBC}") = "09.SimpleTextEditor", "09.SimpleTextEditor\09.SimpleTextEditor.csproj", "{42363A6E-83FF-4C25-9FEF-776D1E55AB2D}"
EndProject
Project("{FAE04EC0-301F-11D3-BF4B-00C04F79EFBC}") = "10.Crossroads", "10.Crossroads\10.Crossroads.csproj", "{5C6CF4C0-B814-42AC-AD41-4DA44227CCFD}"
EndProject
Global
	GlobalSection(SolutionConfigurationPlatforms) = preSolution
		Debug|Any CPU = Debug|Any CPU
		Release|Any CPU = Release|Any CPU
	EndGlobalSection
	GlobalSection(ProjectConfigurationPlatforms) = postSolution
		{00321160-99E6-4131-9F31-65B3895CDF0A}.Debug|Any CPU.ActiveCfg = Debug|Any CPU
		{00321160-99E6-4131-9F31-65B3895CDF0A}.Debug|Any CPU.Build.0 = Debug|Any CPU
		{00321160-99E6-4131-9F31-65B3895CDF0A}.Release|Any CPU.ActiveCfg = Release|Any CPU
		{00321160-99E6-4131-9F31-65B3895CDF0A}.Release|Any CPU.Build.0 = Release|Any CPU
		{B9C176ED-9586-412C-B553-6644F3464034}.Debug|Any CPU.ActiveCfg = Debug|Any CPU
		{B9C176ED-9586-412C-B553-6644F3464034}.Debug|Any CPU.Build.0 = Debug|Any CPU
		{B9C176ED-9586-412C-B553-6644F3464034}.Release|Any CPU.ActiveCfg = Release|Any CPU
		{B9C176ED-9586-412C-B553-6644F3464034}.Release|Any CPU.Build.0 = Release|Any CPU
		{4DF47A86-200A-4D3E-9F5C-3B834B49D121}.Debug|Any CPU.ActiveCfg = Debug|Any CPU
		{4DF47A86-200A-4D3E-9F5C-3B834B49D121}.Debug|Any CPU.Build.0 = Debug|Any CPU
		{4DF47A86-200A-4D3E-9F5C-3B834B49D121}.Release|Any CPU.ActiveCfg = Release|Any CPU
		{4DF47A86-200A-4D3E-9F5C-3B834B49D121}.Release|Any CPU.Build.0 = Release|Any CPU
		{419F4B7E-F01F-47C7-A561-F8DEA79491A2}.Debug|Any CPU.ActiveCfg = Debug|Any CPU
		{419F4B7E-F01F-47C7-A561-F8DEA79491A2}.Debug|Any CPU.Build.0 = Debug|Any CPU
		{419F4B7E-F01F-47C7-A561-F8DEA79491A2}.Release|Any CPU.ActiveCfg = Release|Any CPU
		{419F4B7E-F01F-47C7-A561-F8DEA79491A2}.Release|Any CPU.Build.0 = Release|Any CPU
		{CF6126F2-4DE6-4DA0-A5C4-DE84AF24BE62}.Debug|Any CPU.ActiveCfg = Debug|Any CPU
		{CF6126F2-4DE6-4DA0-A5C4-DE84AF24BE62}.Debug|Any CPU.Build.0 = Debug|Any CPU
		{CF6126F2-4DE6-4DA0-A5C4-DE84AF24BE62}.Release|Any CPU.ActiveCfg = Release|Any CPU
		{CF6126F2-4DE6-4DA0-A5C4-DE84AF24BE62}.Release|Any CPU.Build.0 = Release|Any CPU
		{9C51E8E0-BF6B-4DB3-B0A1-BDE6F5E5E0BB}.Debug|Any CPU.ActiveCfg = Debug|Any CPU
		{9C51E8E0-BF6B-4DB3-B0A1-BDE6F5E5E0BB}.Debug|Any CPU.Build.0 = Debug|Any CPU
		{9C51E8E0-BF6B-4DB3-B0A1-BDE6F5E5E0BB}.Release|Any CPU.ActiveCfg = Release|Any CPU
		{9C51E8E0-BF6B-4DB3-B0A1-BDE6F5E5E0BB}.Release|Any CPU.Build.0 = Release|Any CPU
		{9535A811-A0C9-4695-857A-1637798D5504}.Debug|Any CPU.ActiveCfg = Debug|Any CPU
		{9535A811-A0C9-4695-857A-1637798D5504}.Debug|Any CPU.Build.0 = Debug|Any CPU
		{9535A811-A0C9-4695-857A-1637798D5504}.Release|Any CPU.ActiveCfg = Release|Any CPU
		{9535A811-A0C9-4695-857A-1637798D5504}.Release|Any CPU.Build.0 = Release|Any CPU
		{7A0E6DBD-9876-435A-AE03-D8326167BCFC}.Debug|Any CPU.ActiveCfg = Debug|Any CPU
		{7A0E6DBD-9876-435A-AE03-D8326167BCFC}.Debug|Any CPU.Build.0 = Debug|Any CPU
		{7A0E6DBD-9876-435A-AE03-D8326167BCFC}.Release|Any CPU.ActiveCfg = Release|Any CPU
		{7A0E6DBD-9876-435A-AE03-D8326167BCFC}.Release|Any CPU.Build.0 = Release|Any CPU
		{42363A6E-83FF-4C25-9FEF-776D1E55AB2D}.Debug|Any CPU.ActiveCfg = Debug|Any CPU
		{42363A6E-83FF-4C25-9FEF-776D1E55AB2D}.Debug|Any CPU.Build.0 = Debug|Any CPU
		{42363A6E-83FF-4C25-9FEF-776D1E55AB2D}.Release|Any CPU.ActiveCfg = Release|Any CPU
		{42363A6E-83FF-4C25-9FEF-776D1E55AB2D}.Release|Any CPU.Build.0 = Release|Any CPU
		{5C6CF4C0-B814-42AC-AD41-4DA44227CCFD}.Debug|Any CPU.ActiveCfg = Debug|Any CPU
		{5C6CF4C0-B814-42AC-AD41-4DA44227CCFD}.Debug|Any CPU.Build.0 = Debug|Any CPU
		{5C6CF4C0-B814-42AC-AD41-4DA44227CCFD}.Release|Any CPU.ActiveCfg = Release|Any CPU
		{5C6CF4C0-B814-42AC-AD41-4DA44227CCFD}.Release|Any CPU.Build.0 = Release|Any CPU
	EndGlobalSection
	GlobalSection(SolutionProperties) = preSolution
		HideSolutionNode = FALSE
	EndGlobalSection
	GlobalSection(ExtensibilityGlobals) = postSolution
		SolutionGuid = {91232E9D-5F4C-4A95-AFBF-05411CED54CE}
	EndGlobalSection
EndGlobal
