
Microsoft Visual Studio Solution File, Format Version 12.00
# Visual Studio Version 17
VisualStudioVersion = 17.2.32616.157
MinimumVisualStudioVersion = 10.0.40219.1
Project("{9A19103F-16F7-4668-BE54-9A1E7A4F7556}") = "01.OddLines", "01.OddLines\01.OddLines.csproj", "{A873EB2A-EE62-4E23-8C3F-819606C39B93}"
EndProject
Project("{9A19103F-16F7-4668-BE54-9A1E7A4F7556}") = "02.LineNumbers", "02.LineNumbers\02.LineNumbers.csproj", "{E639CEBA-466E-4E5D-AD6D-326A28028ED8}"
EndProject
Project("{9A19103F-16F7-4668-BE54-9A1E7A4F7556}") = "03.WordCount", "03.WordCount\03.WordCount.csproj", "{FC60D204-718F-4FE8-A4D0-3CE8B0DC7BB3}"
EndProject
Project("{9A19103F-16F7-4668-BE54-9A1E7A4F7556}") = "04.MergeTextFiles", "04.MergeTextFiles\04.MergeTextFiles.csproj", "{BE81242E-300E-4C1D-A882-6AB9AFB6D011}"
EndProject
Project("{9A19103F-16F7-4668-BE54-9A1E7A4F7556}") = "05.ExtractSpecialBytes", "05.ExtractSpecialBytes\05.ExtractSpecialBytes.csproj", "{128AC6C4-EE4F-4383-8606-97FC3CA14C3F}"
EndProject
Project("{FAE04EC0-301F-11D3-BF4B-00C04F79EFBC}") = "06.SplitMergeBinaryFiles", "06.SplitMergeBinaryFiles\06.SplitMergeBinaryFiles.csproj", "{4444E22C-6385-4609-8B3F-7C28DCF95AA7}"
EndProject
Global
	GlobalSection(SolutionConfigurationPlatforms) = preSolution
		Debug|Any CPU = Debug|Any CPU
		Release|Any CPU = Release|Any CPU
	EndGlobalSection
	GlobalSection(ProjectConfigurationPlatforms) = postSolution
		{A873EB2A-EE62-4E23-8C3F-819606C39B93}.Debug|Any CPU.ActiveCfg = Debug|Any CPU
		{A873EB2A-EE62-4E23-8C3F-819606C39B93}.Debug|Any CPU.Build.0 = Debug|Any CPU
		{A873EB2A-EE62-4E23-8C3F-819606C39B93}.Release|Any CPU.ActiveCfg = Release|Any CPU
		{A873EB2A-EE62-4E23-8C3F-819606C39B93}.Release|Any CPU.Build.0 = Release|Any CPU
		{E639CEBA-466E-4E5D-AD6D-326A28028ED8}.Debug|Any CPU.ActiveCfg = Debug|Any CPU
		{E639CEBA-466E-4E5D-AD6D-326A28028ED8}.Debug|Any CPU.Build.0 = Debug|Any CPU
		{E639CEBA-466E-4E5D-AD6D-326A28028ED8}.Release|Any CPU.ActiveCfg = Release|Any CPU
		{E639CEBA-466E-4E5D-AD6D-326A28028ED8}.Release|Any CPU.Build.0 = Release|Any CPU
		{FC60D204-718F-4FE8-A4D0-3CE8B0DC7BB3}.Debug|Any CPU.ActiveCfg = Debug|Any CPU
		{FC60D204-718F-4FE8-A4D0-3CE8B0DC7BB3}.Debug|Any CPU.Build.0 = Debug|Any CPU
		{FC60D204-718F-4FE8-A4D0-3CE8B0DC7BB3}.Release|Any CPU.ActiveCfg = Release|Any CPU
		{FC60D204-718F-4FE8-A4D0-3CE8B0DC7BB3}.Release|Any CPU.Build.0 = Release|Any CPU
		{BE81242E-300E-4C1D-A882-6AB9AFB6D011}.Debug|Any CPU.ActiveCfg = Debug|Any CPU
		{BE81242E-300E-4C1D-A882-6AB9AFB6D011}.Debug|Any CPU.Build.0 = Debug|Any CPU
		{BE81242E-300E-4C1D-A882-6AB9AFB6D011}.Release|Any CPU.ActiveCfg = Release|Any CPU
		{BE81242E-300E-4C1D-A882-6AB9AFB6D011}.Release|Any CPU.Build.0 = Release|Any CPU
		{128AC6C4-EE4F-4383-8606-97FC3CA14C3F}.Debug|Any CPU.ActiveCfg = Debug|Any CPU
		{128AC6C4-EE4F-4383-8606-97FC3CA14C3F}.Debug|Any CPU.Build.0 = Debug|Any CPU
		{128AC6C4-EE4F-4383-8606-97FC3CA14C3F}.Release|Any CPU.ActiveCfg = Release|Any CPU
		{128AC6C4-EE4F-4383-8606-97FC3CA14C3F}.Release|Any CPU.Build.0 = Release|Any CPU
		{4444E22C-6385-4609-8B3F-7C28DCF95AA7}.Debug|Any CPU.ActiveCfg = Debug|Any CPU
		{4444E22C-6385-4609-8B3F-7C28DCF95AA7}.Debug|Any CPU.Build.0 = Debug|Any CPU
		{4444E22C-6385-4609-8B3F-7C28DCF95AA7}.Release|Any CPU.ActiveCfg = Release|Any CPU
		{4444E22C-6385-4609-8B3F-7C28DCF95AA7}.Release|Any CPU.Build.0 = Release|Any CPU
	EndGlobalSection
	GlobalSection(SolutionProperties) = preSolution
		HideSolutionNode = FALSE
	EndGlobalSection
	GlobalSection(ExtensibilityGlobals) = postSolution
		SolutionGuid = {5D24DAA1-5A0E-45AC-98BD-5B3E698FDFCB}
	EndGlobalSection
EndGlobal
